{
  "version": 4,
  "terraform_version": "1.14.1",
  "serial": 560,
  "lineage": "b47d3d78-98e8-3d06-de75-a89d0125095e",
  "outputs": {
    "auth_db_host": {
      "value": "authdb.c1og0a0ggrnu.eu-north-1.rds.amazonaws.com",
      "type": "string"
    },
    "auth_private_ip": {
      "value": "10.0.1.207",
      "type": "string"
    },
    "auth_public_ip": {
      "value": "16.171.114.193",
      "type": "string"
    },
    "customers_db_host": {
      "value": "customersdb.c1og0a0ggrnu.eu-north-1.rds.amazonaws.com",
      "type": "string"
    },
    "customers_private_ip": {
      "value": "10.0.1.131",
      "type": "string"
    },
    "customers_public_ip": {
      "value": "16.170.98.57",
      "type": "string"
    },
    "frontend_public_ip": {
      "value": "56.228.8.192",
      "type": "string"
    },
    "frontend_url": {
      "value": "http://ec2-56-228-8-192.eu-north-1.compute.amazonaws.com",
      "type": "string"
    },
    "project": {
      "value": "backend-microservices-platform",
      "type": "string"
    },
    "subscriptions_db_host": {
      "value": "subscriptionsdb.c1og0a0ggrnu.eu-north-1.rds.amazonaws.com",
      "type": "string"
    },
    "subscriptions_private_ip": {
      "value": "10.0.1.159",
      "type": "string"
    },
    "subscriptions_public_ip": {
      "value": "13.62.54.145",
      "type": "string"
    }
  },
  "resources": [
    {
      "mode": "data",
      "type": "aws_ami",
      "name": "amazon_linux",
      "provider": "provider[\"registry.terraform.io/hashicorp/aws\"]",
      "instances": [
        {
          "schema_version": 0,
          "attributes": {
            "architecture": "x86_64",
            "arn": "arn:aws:ec2:eu-north-1::image/ami-084fe71757b62a005",
            "block_device_mappings": [
              {
                "device_name": "/dev/xvda",
                "ebs": {
                  "delete_on_termination": "true",
                  "encrypted": "false",
                  "iops": "3000",
                  "snapshot_id": "snap-08f1ec03a340acdd1",
                  "throughput": "125",
                  "volume_initialization_rate": "0",
                  "volume_size": "2",
                  "volume_type": "gp3"
                },
                "no_device": "",
                "virtual_name": ""
              }
            ],
            "boot_mode": "uefi-preferred",
            "creation_date": "2026-01-22T17:41:04.000Z",
            "deprecation_time": "2026-04-22T17:45:00.000Z",
            "description": "Amazon Linux 2023 AMI 2023.10.20260120.4 x86_64 Minimal HVM kernel-6.12",
            "ena_support": true,
            "executable_users": null,
            "filter": [
              {
                "name": "name",
                "values": [
                  "al2023-ami-*-x86_64"
                ]
              }
            ],
            "hypervisor": "xen",
            "id": "ami-084fe71757b62a005",
            "image_id": "ami-084fe71757b62a005",
            "image_location": "amazon/al2023-ami-minimal-2023.10.20260120.4-kernel-6.12-x86_64",
            "image_owner_alias": "amazon",
            "image_type": "machine",
            "imds_support": "v2.0",
            "include_deprecated": false,
            "kernel_id": "",
            "last_launched_time": "",
            "most_recent": true,
            "name": "al2023-ami-minimal-2023.10.20260120.4-kernel-6.12-x86_64",
            "name_regex": null,
            "owner_id": "137112412989",
            "owners": [
              "amazon"
            ],
            "platform": "",
            "platform_details": "Linux/UNIX",
            "product_codes": [],
            "public": true,
            "ramdisk_id": "",
            "root_device_name": "/dev/xvda",
            "root_device_type": "ebs",
            "root_snapshot_id": "snap-08f1ec03a340acdd1",
            "sriov_net_support": "simple",
            "state": "available",
            "state_reason": {
              "code": "UNSET",
              "message": "UNSET"
            },
            "tags": {},
            "timeouts": null,
            "tpm_support": "",
            "uefi_data": null,
            "usage_operation": "RunInstances",
            "virtualization_type": "hvm"
          },
          "sensitive_attributes": [],
          "identity_schema_version": 0
        }
      ]
    },
    {
      "mode": "managed",
      "type": "aws_db_instance",
      "name": "auth_db",
      "provider": "provider[\"registry.terraform.io/hashicorp/aws\"]",
      "instances": [
        {
          "schema_version": 2,
          "attributes": {
            "address": "authdb.c1og0a0ggrnu.eu-north-1.rds.amazonaws.com",
            "allocated_storage": 20,
            "allow_major_version_upgrade": null,
            "apply_immediately": false,
            "arn": "arn:aws:rds:eu-north-1:106469578502:db:authdb",
            "auto_minor_version_upgrade": true,
            "availability_zone": "eu-north-1b",
            "backup_retention_period": 0,
            "backup_target": "region",
            "backup_window": "02:56-03:26",
            "blue_green_update": [],
            "ca_cert_identifier": "rds-ca-rsa2048-g1",
            "character_set_name": "",
            "copy_tags_to_snapshot": false,
            "custom_iam_instance_profile": "",
            "customer_owned_ip_enabled": false,
            "database_insights_mode": "standard",
            "db_name": "authdb",
            "db_subnet_group_name": "backend-microservices-platform-dev-db-public-subnets",
            "dedicated_log_volume": false,
            "delete_automated_backups": true,
            "deletion_protection": false,
            "domain": "",
            "domain_auth_secret_arn": "",
            "domain_dns_ips": null,
            "domain_fqdn": "",
            "domain_iam_role_name": "",
            "domain_ou": "",
            "enabled_cloudwatch_logs_exports": null,
            "endpoint": "authdb.c1og0a0ggrnu.eu-north-1.rds.amazonaws.com:5432",
            "engine": "postgres",
            "engine_lifecycle_support": "open-source-rds-extended-support",
            "engine_version": "14",
            "engine_version_actual": "14.19",
            "final_snapshot_identifier": null,
            "hosted_zone_id": "Z3MPDEQW7KHUGY",
            "iam_database_authentication_enabled": false,
            "id": "db-F5J5WH2YDVYS6TXL7BGFQTAHME",
            "identifier": "authdb",
            "identifier_prefix": "",
            "instance_class": "db.t3.micro",
            "iops": 0,
            "kms_key_id": "",
            "latest_restorable_time": "",
            "license_model": "postgresql-license",
            "listener_endpoint": [],
            "maintenance_window": "wed:05:13-wed:05:43",
            "manage_master_user_password": null,
            "master_user_secret": [],
            "master_user_secret_kms_key_id": null,
            "max_allocated_storage": 0,
            "monitoring_interval": 0,
            "monitoring_role_arn": "",
            "multi_az": false,
            "nchar_character_set_name": "",
            "network_type": "IPV4",
            "option_group_name": "default:postgres-14",
            "parameter_group_name": "default.postgres14",
            "password": "postgres",
            "password_wo": null,
            "password_wo_version": null,
            "performance_insights_enabled": false,
            "performance_insights_kms_key_id": "",
            "performance_insights_retention_period": 0,
            "port": 5432,
            "publicly_accessible": true,
            "replica_mode": "",
            "replicas": [],
            "replicate_source_db": "",
            "resource_id": "db-F5J5WH2YDVYS6TXL7BGFQTAHME",
            "restore_to_point_in_time": [],
            "s3_import": [],
            "skip_final_snapshot": true,
            "snapshot_identifier": null,
            "status": "available",
            "storage_encrypted": false,
            "storage_throughput": 0,
            "storage_type": "gp2",
            "tags": {
              "Name": "auth-db"
            },
            "tags_all": {
              "Name": "auth-db"
            },
            "timeouts": null,
            "timezone": "",
            "upgrade_storage_config": null,
            "username": "postgres",
            "vpc_security_group_ids": [
              "sg-045051ab9e47672d2"
            ]
          },
          "sensitive_attributes": [
            [
              {
                "type": "get_attr",
                "value": "password"
              }
            ],
            [
              {
                "type": "get_attr",
                "value": "password_wo"
              }
            ]
          ],
          "identity_schema_version": 0,
          "private": "eyJlMmJmYjczMC1lY2FhLTExZTYtOGY4OC0zNDM2M2JjN2M0YzAiOnsiY3JlYXRlIjozMDAwMDAwMDAwMDAwLCJkZWxldGUiOjM2MDAwMDAwMDAwMDAsInVwZGF0ZSI6NDgwMDAwMDAwMDAwMH0sInNjaGVtYV92ZXJzaW9uIjoiMiJ9",
          "dependencies": [
            "aws_db_subnet_group.db_public_subnets",
            "aws_security_group.db",
            "aws_subnet.public",
            "aws_subnet.public_2",
            "aws_vpc.this"
          ]
        }
      ]
    },
    {
      "mode": "managed",
      "type": "aws_db_instance",
      "name": "customers_db",
      "provider": "provider[\"registry.terraform.io/hashicorp/aws\"]",
      "instances": [
        {
          "schema_version": 2,
          "attributes": {
            "address": "customersdb.c1og0a0ggrnu.eu-north-1.rds.amazonaws.com",
            "allocated_storage": 20,
            "allow_major_version_upgrade": null,
            "apply_immediately": false,
            "arn": "arn:aws:rds:eu-north-1:106469578502:db:customersdb",
            "auto_minor_version_upgrade": true,
            "availability_zone": "eu-north-1b",
            "backup_retention_period": 0,
            "backup_target": "region",
            "backup_window": "05:18-05:48",
            "blue_green_update": [],
            "ca_cert_identifier": "rds-ca-rsa2048-g1",
            "character_set_name": "",
            "copy_tags_to_snapshot": false,
            "custom_iam_instance_profile": "",
            "customer_owned_ip_enabled": false,
            "database_insights_mode": "standard",
            "db_name": "customersdb",
            "db_subnet_group_name": "backend-microservices-platform-dev-db-public-subnets",
            "dedicated_log_volume": false,
            "delete_automated_backups": true,
            "deletion_protection": false,
            "domain": "",
            "domain_auth_secret_arn": "",
            "domain_dns_ips": null,
            "domain_fqdn": "",
            "domain_iam_role_name": "",
            "domain_ou": "",
            "enabled_cloudwatch_logs_exports": null,
            "endpoint": "customersdb.c1og0a0ggrnu.eu-north-1.rds.amazonaws.com:5432",
            "engine": "postgres",
            "engine_lifecycle_support": "open-source-rds-extended-support",
            "engine_version": "14",
            "engine_version_actual": "14.19",
            "final_snapshot_identifier": null,
            "hosted_zone_id": "Z3MPDEQW7KHUGY",
            "iam_database_authentication_enabled": false,
            "id": "db-TEBIHHEDYO4UUSXXBQV7DYSJUQ",
            "identifier": "customersdb",
            "identifier_prefix": "",
            "instance_class": "db.t3.micro",
            "iops": 0,
            "kms_key_id": "",
            "latest_restorable_time": "",
            "license_model": "postgresql-license",
            "listener_endpoint": [],
            "maintenance_window": "mon:02:22-mon:02:52",
            "manage_master_user_password": null,
            "master_user_secret": [],
            "master_user_secret_kms_key_id": null,
            "max_allocated_storage": 0,
            "monitoring_interval": 0,
            "monitoring_role_arn": "",
            "multi_az": false,
            "nchar_character_set_name": "",
            "network_type": "IPV4",
            "option_group_name": "default:postgres-14",
            "parameter_group_name": "default.postgres14",
            "password": "postgres",
            "password_wo": null,
            "password_wo_version": null,
            "performance_insights_enabled": false,
            "performance_insights_kms_key_id": "",
            "performance_insights_retention_period": 0,
            "port": 5432,
            "publicly_accessible": true,
            "replica_mode": "",
            "replicas": [],
            "replicate_source_db": "",
            "resource_id": "db-TEBIHHEDYO4UUSXXBQV7DYSJUQ",
            "restore_to_point_in_time": [],
            "s3_import": [],
            "skip_final_snapshot": true,
            "snapshot_identifier": null,
            "status": "available",
            "storage_encrypted": false,
            "storage_throughput": 0,
            "storage_type": "gp2",
            "tags": {
              "Name": "customers-db"
            },
            "tags_all": {
              "Name": "customers-db"
            },
            "timeouts": null,
            "timezone": "",
            "upgrade_storage_config": null,
            "username": "postgres",
            "vpc_security_group_ids": [
              "sg-045051ab9e47672d2"
            ]
          },
          "sensitive_attributes": [
            [
              {
                "type": "get_attr",
                "value": "password"
              }
            ],
            [
              {
                "type": "get_attr",
                "value": "password_wo"
              }
            ]
          ],
          "identity_schema_version": 0,
          "private": "eyJlMmJmYjczMC1lY2FhLTExZTYtOGY4OC0zNDM2M2JjN2M0YzAiOnsiY3JlYXRlIjozMDAwMDAwMDAwMDAwLCJkZWxldGUiOjM2MDAwMDAwMDAwMDAsInVwZGF0ZSI6NDgwMDAwMDAwMDAwMH0sInNjaGVtYV92ZXJzaW9uIjoiMiJ9",
          "dependencies": [
            "aws_db_subnet_group.db_public_subnets",
            "aws_security_group.db",
            "aws_subnet.public",
            "aws_subnet.public_2",
            "aws_vpc.this"
          ]
        }
      ]
    },
    {
      "mode": "managed",
      "type": "aws_db_instance",
      "name": "subscriptions_db",
      "provider": "provider[\"registry.terraform.io/hashicorp/aws\"]",
      "instances": [
        {
          "schema_version": 2,
          "attributes": {
            "address": "subscriptionsdb.c1og0a0ggrnu.eu-north-1.rds.amazonaws.com",
            "allocated_storage": 20,
            "allow_major_version_upgrade": null,
            "apply_immediately": false,
            "arn": "arn:aws:rds:eu-north-1:106469578502:db:subscriptionsdb",
            "auto_minor_version_upgrade": true,
            "availability_zone": "eu-north-1a",
            "backup_retention_period": 0,
            "backup_target": "region",
            "backup_window": "00:56-01:26",
            "blue_green_update": [],
            "ca_cert_identifier": "rds-ca-rsa2048-g1",
            "character_set_name": "",
            "copy_tags_to_snapshot": false,
            "custom_iam_instance_profile": "",
            "customer_owned_ip_enabled": false,
            "database_insights_mode": "standard",
            "db_name": "subscriptionsdb",
            "db_subnet_group_name": "backend-microservices-platform-dev-db-public-subnets",
            "dedicated_log_volume": false,
            "delete_automated_backups": true,
            "deletion_protection": false,
            "domain": "",
            "domain_auth_secret_arn": "",
            "domain_dns_ips": null,
            "domain_fqdn": "",
            "domain_iam_role_name": "",
            "domain_ou": "",
            "enabled_cloudwatch_logs_exports": null,
            "endpoint": "subscriptionsdb.c1og0a0ggrnu.eu-north-1.rds.amazonaws.com:5432",
            "engine": "postgres",
            "engine_lifecycle_support": "open-source-rds-extended-support",
            "engine_version": "14",
            "engine_version_actual": "14.19",
            "final_snapshot_identifier": null,
            "hosted_zone_id": "Z3MPDEQW7KHUGY",
            "iam_database_authentication_enabled": false,
            "id": "db-ARHBCD4PPR6LHM5VPKJYNP5FXI",
            "identifier": "subscriptionsdb",
            "identifier_prefix": "",
            "instance_class": "db.t3.micro",
            "iops": 0,
            "kms_key_id": "",
            "latest_restorable_time": "",
            "license_model": "postgresql-license",
            "listener_endpoint": [],
            "maintenance_window": "tue:05:12-tue:05:42",
            "manage_master_user_password": null,
            "master_user_secret": [],
            "master_user_secret_kms_key_id": null,
            "max_allocated_storage": 0,
            "monitoring_interval": 0,
            "monitoring_role_arn": "",
            "multi_az": false,
            "nchar_character_set_name": "",
            "network_type": "IPV4",
            "option_group_name": "default:postgres-14",
            "parameter_group_name": "default.postgres14",
            "password": "postgres",
            "password_wo": null,
            "password_wo_version": null,
            "performance_insights_enabled": false,
            "performance_insights_kms_key_id": "",
            "performance_insights_retention_period": 0,
            "port": 5432,
            "publicly_accessible": true,
            "replica_mode": "",
            "replicas": [],
            "replicate_source_db": "",
            "resource_id": "db-ARHBCD4PPR6LHM5VPKJYNP5FXI",
            "restore_to_point_in_time": [],
            "s3_import": [],
            "skip_final_snapshot": true,
            "snapshot_identifier": null,
            "status": "available",
            "storage_encrypted": false,
            "storage_throughput": 0,
            "storage_type": "gp2",
            "tags": {
              "Name": "subscriptions-db"
            },
            "tags_all": {
              "Name": "subscriptions-db"
            },
            "timeouts": null,
            "timezone": "",
            "upgrade_storage_config": null,
            "username": "postgres",
            "vpc_security_group_ids": [
              "sg-045051ab9e47672d2"
            ]
          },
          "sensitive_attributes": [
            [
              {
                "type": "get_attr",
                "value": "password"
              }
            ],
            [
              {
                "type": "get_attr",
                "value": "password_wo"
              }
            ]
          ],
          "identity_schema_version": 0,
          "private": "eyJlMmJmYjczMC1lY2FhLTExZTYtOGY4OC0zNDM2M2JjN2M0YzAiOnsiY3JlYXRlIjozMDAwMDAwMDAwMDAwLCJkZWxldGUiOjM2MDAwMDAwMDAwMDAsInVwZGF0ZSI6NDgwMDAwMDAwMDAwMH0sInNjaGVtYV92ZXJzaW9uIjoiMiJ9",
          "dependencies": [
            "aws_db_subnet_group.db_public_subnets",
            "aws_security_group.db",
            "aws_subnet.public",
            "aws_subnet.public_2",
            "aws_vpc.this"
          ]
        }
      ]
    },
    {
      "mode": "managed",
      "type": "aws_db_subnet_group",
      "name": "db_public_subnets",
      "provider": "provider[\"registry.terraform.io/hashicorp/aws\"]",
      "instances": [
        {
          "schema_version": 0,
          "attributes": {
            "arn": "arn:aws:rds:eu-north-1:106469578502:subgrp:backend-microservices-platform-dev-db-public-subnets",
            "description": "Managed by Terraform",
            "id": "backend-microservices-platform-dev-db-public-subnets",
            "name": "backend-microservices-platform-dev-db-public-subnets",
            "name_prefix": "",
            "subnet_ids": [
              "subnet-03f21f9a2e698e129",
              "subnet-0b08c8e6ffbb89649"
            ],
            "supported_network_types": [
              "IPV4"
            ],
            "tags": {
              "Name": "db-public-subnets"
            },
            "tags_all": {
              "Name": "db-public-subnets"
            },
            "vpc_id": "vpc-091a4aaf709567119"
          },
          "sensitive_attributes": [],
          "identity_schema_version": 0,
          "private": "bnVsbA==",
          "dependencies": [
            "aws_subnet.public",
            "aws_subnet.public_2",
            "aws_vpc.this"
          ]
        }
      ]
    },
    {
      "mode": "managed",
      "type": "aws_db_subnet_group",
      "name": "db_subnets",
      "provider": "provider[\"registry.terraform.io/hashicorp/aws\"]",
      "instances": [
        {
          "schema_version": 0,
          "attributes": {
            "arn": "arn:aws:rds:eu-north-1:106469578502:subgrp:backend-microservices-platform-dev-db-subnets",
            "description": "Managed by Terraform",
            "id": "backend-microservices-platform-dev-db-subnets",
            "name": "backend-microservices-platform-dev-db-subnets",
            "name_prefix": "",
            "subnet_ids": [
              "subnet-0b6d8c6cde19d427d",
              "subnet-0caa7b7674e3008b2"
            ],
            "supported_network_types": [
              "IPV4"
            ],
            "tags": {
              "Name": "db-subnets"
            },
            "tags_all": {
              "Name": "db-subnets"
            },
            "vpc_id": "vpc-091a4aaf709567119"
          },
          "sensitive_attributes": [],
          "identity_schema_version": 0,
          "private": "bnVsbA==",
          "dependencies": [
            "aws_subnet.private_1",
            "aws_subnet.private_2",
            "aws_vpc.this"
          ]
        }
      ]
    },
    {
      "mode": "managed",
      "type": "aws_eip",
      "name": "nat",
      "provider": "provider[\"registry.terraform.io/hashicorp/aws\"]",
      "instances": [
        {
          "schema_version": 0,
          "attributes": {
            "address": null,
            "allocation_id": "eipalloc-04a05c34760371e6d",
            "arn": "arn:aws:ec2:eu-north-1:106469578502:elastic-ip/eipalloc-04a05c34760371e6d",
            "associate_with_private_ip": null,
            "association_id": "",
            "carrier_ip": "",
            "customer_owned_ip": "",
            "customer_owned_ipv4_pool": "",
            "domain": "vpc",
            "id": "eipalloc-04a05c34760371e6d",
            "instance": "",
            "ipam_pool_id": null,
            "network_border_group": "eu-north-1",
            "network_interface": "",
            "private_dns": null,
            "private_ip": "",
            "ptr_record": "",
            "public_dns": "ec2-13-63-11-36.eu-north-1.compute.amazonaws.com",
            "public_ip": "13.63.11.36",
            "public_ipv4_pool": "amazon",
            "tags": null,
            "tags_all": {},
            "timeouts": null,
            "vpc": true
          },
          "sensitive_attributes": [],
          "identity_schema_version": 0,
          "private": "eyJlMmJmYjczMC1lY2FhLTExZTYtOGY4OC0zNDM2M2JjN2M0YzAiOnsiZGVsZXRlIjoxODAwMDAwMDAwMDAsInJlYWQiOjkwMDAwMDAwMDAwMCwidXBkYXRlIjozMDAwMDAwMDAwMDB9fQ=="
        }
      ]
    },
    {
      "mode": "managed",
      "type": "aws_instance",
      "name": "auth",
      "provider": "provider[\"registry.terraform.io/hashicorp/aws\"]",
      "instances": [
        {
          "schema_version": 1,
          "attributes": {
            "ami": "ami-084fe71757b62a005",
            "arn": "arn:aws:ec2:eu-north-1:106469578502:instance/i-0020ab0f100c4e128",
            "associate_public_ip_address": true,
            "availability_zone": "eu-north-1a",
            "capacity_reservation_specification": [
              {
                "capacity_reservation_preference": "open",
                "capacity_reservation_target": []
              }
            ],
            "cpu_core_count": 1,
            "cpu_options": [
              {
                "amd_sev_snp": "",
                "core_count": 1,
                "threads_per_core": 2
              }
            ],
            "cpu_threads_per_core": 2,
            "credit_specification": [
              {
                "cpu_credits": "unlimited"
              }
            ],
            "disable_api_stop": false,
            "disable_api_termination": false,
            "ebs_block_device": [],
            "ebs_optimized": false,
            "enable_primary_ipv6": null,
            "enclave_options": [
              {
                "enabled": false
              }
            ],
            "ephemeral_block_device": [],
            "get_password_data": false,
            "hibernation": false,
            "host_id": "",
            "host_resource_group_arn": null,
            "iam_instance_profile": "",
            "id": "i-0020ab0f100c4e128",
            "instance_initiated_shutdown_behavior": "stop",
            "instance_lifecycle": "",
            "instance_market_options": [],
            "instance_state": "running",
            "instance_type": "t3.micro",
            "ipv6_address_count": 0,
            "ipv6_addresses": [],
            "key_name": "new-key-pair",
            "launch_template": [],
            "maintenance_options": [
              {
                "auto_recovery": "default"
              }
            ],
            "metadata_options": [
              {
                "http_endpoint": "enabled",
                "http_protocol_ipv6": "disabled",
                "http_put_response_hop_limit": 2,
                "http_tokens": "required",
                "instance_metadata_tags": "disabled"
              }
            ],
            "monitoring": false,
            "network_interface": [],
            "outpost_arn": "",
            "password_data": "",
            "placement_group": "",
            "placement_partition_number": 0,
            "primary_network_interface_id": "eni-0af2f26220a5acaab",
            "private_dns": "ip-10-0-1-207.eu-north-1.compute.internal",
            "private_dns_name_options": [
              {
                "enable_resource_name_dns_a_record": false,
                "enable_resource_name_dns_aaaa_record": false,
                "hostname_type": "ip-name"
              }
            ],
            "private_ip": "10.0.1.207",
            "public_dns": "ec2-16-171-114-193.eu-north-1.compute.amazonaws.com",
            "public_ip": "16.171.114.193",
            "root_block_device": [
              {
                "delete_on_termination": true,
                "device_name": "/dev/xvda",
                "encrypted": false,
                "iops": 3000,
                "kms_key_id": "",
                "tags": {},
                "tags_all": {},
                "throughput": 125,
                "volume_id": "vol-0a9aa0bb43437b62c",
                "volume_size": 2,
                "volume_type": "gp3"
              }
            ],
            "secondary_private_ips": [],
            "security_groups": [],
            "source_dest_check": true,
            "spot_instance_request_id": "",
            "subnet_id": "subnet-0b08c8e6ffbb89649",
            "tags": {
              "Name": "auth-service"
            },
            "tags_all": {
              "Name": "auth-service"
            },
            "tenancy": "default",
            "timeouts": null,
            "user_data": "e2a0a3a1276d38835cdd25fa7398a66284814419",
            "user_data_base64": null,
            "user_data_replace_on_change": false,
            "volume_tags": null,
            "vpc_security_group_ids": [
              "sg-0699742d77c390d4d",
              "sg-0eeb6a3d93aca3af6"
            ]
          },
          "sensitive_attributes": [],
          "identity_schema_version": 0,
          "private": "eyJlMmJmYjczMC1lY2FhLTExZTYtOGY4OC0zNDM2M2JjN2M0YzAiOnsiY3JlYXRlIjo2MDAwMDAwMDAwMDAsImRlbGV0ZSI6MTIwMDAwMDAwMDAwMCwicmVhZCI6OTAwMDAwMDAwMDAwLCJ1cGRhdGUiOjYwMDAwMDAwMDAwMH0sInNjaGVtYV92ZXJzaW9uIjoiMSJ9",
          "dependencies": [
            "aws_db_instance.auth_db",
            "aws_db_instance.customers_db",
            "aws_db_instance.subscriptions_db",
            "aws_db_subnet_group.db_public_subnets",
            "aws_security_group.db",
            "aws_security_group.services",
            "aws_security_group.ssh",
            "aws_subnet.public",
            "aws_subnet.public_2",
            "aws_vpc.this",
            "data.aws_ami.amazon_linux"
          ]
        }
      ]
    },
    {
      "mode": "managed",
      "type": "aws_instance",
      "name": "customers",
      "provider": "provider[\"registry.terraform.io/hashicorp/aws\"]",
      "instances": [
        {
          "schema_version": 1,
          "attributes": {
            "ami": "ami-084fe71757b62a005",
            "arn": "arn:aws:ec2:eu-north-1:106469578502:instance/i-0d4fdbb011bac07b8",
            "associate_public_ip_address": true,
            "availability_zone": "eu-north-1a",
            "capacity_reservation_specification": [
              {
                "capacity_reservation_preference": "open",
                "capacity_reservation_target": []
              }
            ],
            "cpu_core_count": 1,
            "cpu_options": [
              {
                "amd_sev_snp": "",
                "core_count": 1,
                "threads_per_core": 2
              }
            ],
            "cpu_threads_per_core": 2,
            "credit_specification": [
              {
                "cpu_credits": "unlimited"
              }
            ],
            "disable_api_stop": false,
            "disable_api_termination": false,
            "ebs_block_device": [],
            "ebs_optimized": false,
            "enable_primary_ipv6": null,
            "enclave_options": [
              {
                "enabled": false
              }
            ],
            "ephemeral_block_device": [],
            "get_password_data": false,
            "hibernation": false,
            "host_id": "",
            "host_resource_group_arn": null,
            "iam_instance_profile": "",
            "id": "i-0d4fdbb011bac07b8",
            "instance_initiated_shutdown_behavior": "stop",
            "instance_lifecycle": "",
            "instance_market_options": [],
            "instance_state": "running",
            "instance_type": "t3.micro",
            "ipv6_address_count": 0,
            "ipv6_addresses": [],
            "key_name": "new-key-pair",
            "launch_template": [],
            "maintenance_options": [
              {
                "auto_recovery": "default"
              }
            ],
            "metadata_options": [
              {
                "http_endpoint": "enabled",
                "http_protocol_ipv6": "disabled",
                "http_put_response_hop_limit": 2,
                "http_tokens": "required",
                "instance_metadata_tags": "disabled"
              }
            ],
            "monitoring": false,
            "network_interface": [],
            "outpost_arn": "",
            "password_data": "",
            "placement_group": "",
            "placement_partition_number": 0,
            "primary_network_interface_id": "eni-0c57d2f626adf7074",
            "private_dns": "ip-10-0-1-131.eu-north-1.compute.internal",
            "private_dns_name_options": [
              {
                "enable_resource_name_dns_a_record": false,
                "enable_resource_name_dns_aaaa_record": false,
                "hostname_type": "ip-name"
              }
            ],
            "private_ip": "10.0.1.131",
            "public_dns": "ec2-16-170-98-57.eu-north-1.compute.amazonaws.com",
            "public_ip": "16.170.98.57",
            "root_block_device": [
              {
                "delete_on_termination": true,
                "device_name": "/dev/xvda",
                "encrypted": false,
                "iops": 3000,
                "kms_key_id": "",
                "tags": null,
                "tags_all": {},
                "throughput": 125,
                "volume_id": "vol-0444756c6590b8a65",
                "volume_size": 20,
                "volume_type": "gp3"
              }
            ],
            "secondary_private_ips": [],
            "security_groups": [],
            "source_dest_check": true,
            "spot_instance_request_id": "",
            "subnet_id": "subnet-0b08c8e6ffbb89649",
            "tags": {
              "Name": "customers-service"
            },
            "tags_all": {
              "Name": "customers-service"
            },
            "tenancy": "default",
            "timeouts": null,
            "user_data": "e2a0a3a1276d38835cdd25fa7398a66284814419",
            "user_data_base64": null,
            "user_data_replace_on_change": false,
            "volume_tags": null,
            "vpc_security_group_ids": [
              "sg-0699742d77c390d4d",
              "sg-0eeb6a3d93aca3af6"
            ]
          },
          "sensitive_attributes": [],
          "identity_schema_version": 0,
          "private": "eyJlMmJmYjczMC1lY2FhLTExZTYtOGY4OC0zNDM2M2JjN2M0YzAiOnsiY3JlYXRlIjo2MDAwMDAwMDAwMDAsImRlbGV0ZSI6MTIwMDAwMDAwMDAwMCwicmVhZCI6OTAwMDAwMDAwMDAwLCJ1cGRhdGUiOjYwMDAwMDAwMDAwMH0sInNjaGVtYV92ZXJzaW9uIjoiMSJ9",
          "dependencies": [
            "aws_db_instance.auth_db",
            "aws_db_instance.customers_db",
            "aws_db_instance.subscriptions_db",
            "aws_db_subnet_group.db_public_subnets",
            "aws_security_group.db",
            "aws_security_group.services",
            "aws_security_group.ssh",
            "aws_subnet.public",
            "aws_subnet.public_2",
            "aws_vpc.this",
            "data.aws_ami.amazon_linux"
          ]
        }
      ]
    },
    {
      "mode": "managed",
      "type": "aws_instance",
      "name": "frontend",
      "provider": "provider[\"registry.terraform.io/hashicorp/aws\"]",
      "instances": [
        {
          "schema_version": 1,
          "attributes": {
            "ami": "ami-084fe71757b62a005",
            "arn": "arn:aws:ec2:eu-north-1:106469578502:instance/i-0378a95ef321c1b01",
            "associate_public_ip_address": true,
            "availability_zone": "eu-north-1a",
            "capacity_reservation_specification": [
              {
                "capacity_reservation_preference": "open",
                "capacity_reservation_target": []
              }
            ],
            "cpu_core_count": 1,
            "cpu_options": [
              {
                "amd_sev_snp": "",
                "core_count": 1,
                "threads_per_core": 2
              }
            ],
            "cpu_threads_per_core": 2,
            "credit_specification": [
              {
                "cpu_credits": "unlimited"
              }
            ],
            "disable_api_stop": false,
            "disable_api_termination": false,
            "ebs_block_device": [],
            "ebs_optimized": false,
            "enable_primary_ipv6": null,
            "enclave_options": [
              {
                "enabled": false
              }
            ],
            "ephemeral_block_device": [],
            "get_password_data": false,
            "hibernation": false,
            "host_id": "",
            "host_resource_group_arn": null,
            "iam_instance_profile": "",
            "id": "i-0378a95ef321c1b01",
            "instance_initiated_shutdown_behavior": "stop",
            "instance_lifecycle": "",
            "instance_market_options": [],
            "instance_state": "running",
            "instance_type": "t3.micro",
            "ipv6_address_count": 0,
            "ipv6_addresses": [],
            "key_name": "new-key-pair",
            "launch_template": [],
            "maintenance_options": [
              {
                "auto_recovery": "default"
              }
            ],
            "metadata_options": [
              {
                "http_endpoint": "enabled",
                "http_protocol_ipv6": "disabled",
                "http_put_response_hop_limit": 2,
                "http_tokens": "required",
                "instance_metadata_tags": "disabled"
              }
            ],
            "monitoring": false,
            "network_interface": [],
            "outpost_arn": "",
            "password_data": "",
            "placement_group": "",
            "placement_partition_number": 0,
            "primary_network_interface_id": "eni-0dbbf743f61fe1cff",
            "private_dns": "ip-10-0-1-132.eu-north-1.compute.internal",
            "private_dns_name_options": [
              {
                "enable_resource_name_dns_a_record": false,
                "enable_resource_name_dns_aaaa_record": false,
                "hostname_type": "ip-name"
              }
            ],
            "private_ip": "10.0.1.132",
            "public_dns": "ec2-56-228-8-192.eu-north-1.compute.amazonaws.com",
            "public_ip": "56.228.8.192",
            "root_block_device": [
              {
                "delete_on_termination": true,
                "device_name": "/dev/xvda",
                "encrypted": false,
                "iops": 3000,
                "kms_key_id": "",
                "tags": {},
                "tags_all": {},
                "throughput": 125,
                "volume_id": "vol-099b5c4ae72c1c03a",
                "volume_size": 2,
                "volume_type": "gp3"
              }
            ],
            "secondary_private_ips": [],
            "security_groups": [],
            "source_dest_check": true,
            "spot_instance_request_id": "",
            "subnet_id": "subnet-0b08c8e6ffbb89649",
            "tags": {
              "Name": "frontend-react"
            },
            "tags_all": {
              "Name": "frontend-react"
            },
            "tenancy": "default",
            "timeouts": null,
            "user_data": "82c5778c6222611022ace8abef47b627eb2b7a73",
            "user_data_base64": null,
            "user_data_replace_on_change": false,
            "volume_tags": null,
            "vpc_security_group_ids": [
              "sg-09d45655cd046ef31"
            ]
          },
          "sensitive_attributes": [],
          "identity_schema_version": 0,
          "private": "eyJlMmJmYjczMC1lY2FhLTExZTYtOGY4OC0zNDM2M2JjN2M0YzAiOnsiY3JlYXRlIjo2MDAwMDAwMDAwMDAsImRlbGV0ZSI6MTIwMDAwMDAwMDAwMCwicmVhZCI6OTAwMDAwMDAwMDAwLCJ1cGRhdGUiOjYwMDAwMDAwMDAwMH0sInNjaGVtYV92ZXJzaW9uIjoiMSJ9",
          "dependencies": [
            "aws_db_instance.auth_db",
            "aws_db_instance.customers_db",
            "aws_db_instance.subscriptions_db",
            "aws_db_subnet_group.db_public_subnets",
            "aws_instance.auth",
            "aws_instance.customers",
            "aws_instance.subscriptions",
            "aws_security_group.db",
            "aws_security_group.frontend",
            "aws_security_group.services",
            "aws_security_group.ssh",
            "aws_subnet.public",
            "aws_subnet.public_2",
            "aws_vpc.this",
            "data.aws_ami.amazon_linux"
          ]
        }
      ]
    },
    {
      "mode": "managed",
      "type": "aws_instance",
      "name": "subscriptions",
      "provider": "provider[\"registry.terraform.io/hashicorp/aws\"]",
      "instances": [
        {
          "schema_version": 1,
          "attributes": {
            "ami": "ami-084fe71757b62a005",
            "arn": "arn:aws:ec2:eu-north-1:106469578502:instance/i-06ca58e1a1e719fc5",
            "associate_public_ip_address": true,
            "availability_zone": "eu-north-1a",
            "capacity_reservation_specification": [
              {
                "capacity_reservation_preference": "open",
                "capacity_reservation_target": []
              }
            ],
            "cpu_core_count": 1,
            "cpu_options": [
              {
                "amd_sev_snp": "",
                "core_count": 1,
                "threads_per_core": 2
              }
            ],
            "cpu_threads_per_core": 2,
            "credit_specification": [
              {
                "cpu_credits": "unlimited"
              }
            ],
            "disable_api_stop": false,
            "disable_api_termination": false,
            "ebs_block_device": [],
            "ebs_optimized": false,
            "enable_primary_ipv6": null,
            "enclave_options": [
              {
                "enabled": false
              }
            ],
            "ephemeral_block_device": [],
            "get_password_data": false,
            "hibernation": false,
            "host_id": "",
            "host_resource_group_arn": null,
            "iam_instance_profile": "",
            "id": "i-06ca58e1a1e719fc5",
            "instance_initiated_shutdown_behavior": "stop",
            "instance_lifecycle": "",
            "instance_market_options": [],
            "instance_state": "running",
            "instance_type": "t3.micro",
            "ipv6_address_count": 0,
            "ipv6_addresses": [],
            "key_name": "new-key-pair",
            "launch_template": [],
            "maintenance_options": [
              {
                "auto_recovery": "default"
              }
            ],
            "metadata_options": [
              {
                "http_endpoint": "enabled",
                "http_protocol_ipv6": "disabled",
                "http_put_response_hop_limit": 2,
                "http_tokens": "required",
                "instance_metadata_tags": "disabled"
              }
            ],
            "monitoring": false,
            "network_interface": [],
            "outpost_arn": "",
            "password_data": "",
            "placement_group": "",
            "placement_partition_number": 0,
            "primary_network_interface_id": "eni-08c83abcca4539ad7",
            "private_dns": "ip-10-0-1-159.eu-north-1.compute.internal",
            "private_dns_name_options": [
              {
                "enable_resource_name_dns_a_record": false,
                "enable_resource_name_dns_aaaa_record": false,
                "hostname_type": "ip-name"
              }
            ],
            "private_ip": "10.0.1.159",
            "public_dns": "ec2-13-62-54-145.eu-north-1.compute.amazonaws.com",
            "public_ip": "13.62.54.145",
            "root_block_device": [
              {
                "delete_on_termination": true,
                "device_name": "/dev/xvda",
                "encrypted": false,
                "iops": 3000,
                "kms_key_id": "",
                "tags": null,
                "tags_all": {},
                "throughput": 125,
                "volume_id": "vol-00ae43c9a80510706",
                "volume_size": 20,
                "volume_type": "gp3"
              }
            ],
            "secondary_private_ips": [],
            "security_groups": [],
            "source_dest_check": true,
            "spot_instance_request_id": "",
            "subnet_id": "subnet-0b08c8e6ffbb89649",
            "tags": {
              "Name": "subscriptions-service"
            },
            "tags_all": {
              "Name": "subscriptions-service"
            },
            "tenancy": "default",
            "timeouts": null,
            "user_data": "e2a0a3a1276d38835cdd25fa7398a66284814419",
            "user_data_base64": null,
            "user_data_replace_on_change": false,
            "volume_tags": null,
            "vpc_security_group_ids": [
              "sg-0699742d77c390d4d",
              "sg-0eeb6a3d93aca3af6"
            ]
          },
          "sensitive_attributes": [],
          "identity_schema_version": 0,
          "private": "eyJlMmJmYjczMC1lY2FhLTExZTYtOGY4OC0zNDM2M2JjN2M0YzAiOnsiY3JlYXRlIjo2MDAwMDAwMDAwMDAsImRlbGV0ZSI6MTIwMDAwMDAwMDAwMCwicmVhZCI6OTAwMDAwMDAwMDAwLCJ1cGRhdGUiOjYwMDAwMDAwMDAwMH0sInNjaGVtYV92ZXJzaW9uIjoiMSJ9",
          "dependencies": [
            "aws_db_instance.auth_db",
            "aws_db_instance.customers_db",
            "aws_db_instance.subscriptions_db",
            "aws_db_subnet_group.db_public_subnets",
            "aws_security_group.db",
            "aws_security_group.services",
            "aws_security_group.ssh",
            "aws_subnet.public",
            "aws_subnet.public_2",
            "aws_vpc.this",
            "data.aws_ami.amazon_linux"
          ]
        }
      ]
    },
    {
      "mode": "managed",
      "type": "aws_internet_gateway",
      "name": "this",
      "provider": "provider[\"registry.terraform.io/hashicorp/aws\"]",
      "instances": [
        {
          "schema_version": 0,
          "attributes": {
            "arn": "arn:aws:ec2:eu-north-1:106469578502:internet-gateway/igw-03aec54bfe0076988",
            "id": "igw-03aec54bfe0076988",
            "owner_id": "106469578502",
            "tags": {
              "Name": "main-igw"
            },
            "tags_all": {
              "Name": "main-igw"
            },
            "timeouts": null,
            "vpc_id": "vpc-091a4aaf709567119"
          },
          "sensitive_attributes": [],
          "identity_schema_version": 0,
          "private": "eyJlMmJmYjczMC1lY2FhLTExZTYtOGY4OC0zNDM2M2JjN2M0YzAiOnsiY3JlYXRlIjoxMjAwMDAwMDAwMDAwLCJkZWxldGUiOjEyMDAwMDAwMDAwMDAsInVwZGF0ZSI6MTIwMDAwMDAwMDAwMH19",
          "dependencies": [
            "aws_vpc.this"
          ]
        }
      ]
    },
    {
      "mode": "managed",
      "type": "aws_nat_gateway",
      "name": "this",
      "provider": "provider[\"registry.terraform.io/hashicorp/aws\"]",
      "instances": [
        {
          "schema_version": 0,
          "attributes": {
            "allocation_id": "eipalloc-04a05c34760371e6d",
            "association_id": "eipassoc-0d8347933d606d59e",
            "connectivity_type": "public",
            "id": "nat-0ff2d8fc3f32340ff",
            "network_interface_id": "eni-0df7f234544361a5e",
            "private_ip": "10.0.1.250",
            "public_ip": "13.63.11.36",
            "secondary_allocation_ids": null,
            "secondary_private_ip_address_count": 0,
            "secondary_private_ip_addresses": [],
            "subnet_id": "subnet-0b08c8e6ffbb89649",
            "tags": {
              "Name": "main-nat"
            },
            "tags_all": {
              "Name": "main-nat"
            },
            "timeouts": null
          },
          "sensitive_attributes": [],
          "identity_schema_version": 0,
          "private": "eyJlMmJmYjczMC1lY2FhLTExZTYtOGY4OC0zNDM2M2JjN2M0YzAiOnsiY3JlYXRlIjo2MDAwMDAwMDAwMDAsImRlbGV0ZSI6MTgwMDAwMDAwMDAwMCwidXBkYXRlIjo2MDAwMDAwMDAwMDB9fQ==",
          "dependencies": [
            "aws_eip.nat",
            "aws_internet_gateway.this",
            "aws_subnet.public",
            "aws_vpc.this"
          ]
        }
      ]
    },
    {
      "mode": "managed",
      "type": "aws_route_table",
      "name": "private",
      "provider": "provider[\"registry.terraform.io/hashicorp/aws\"]",
      "instances": [
        {
          "schema_version": 0,
          "attributes": {
            "arn": "arn:aws:ec2:eu-north-1:106469578502:route-table/rtb-0ababbd5cd8857440",
            "id": "rtb-0ababbd5cd8857440",
            "owner_id": "106469578502",
            "propagating_vgws": [],
            "route": [
              {
                "carrier_gateway_id": "",
                "cidr_block": "0.0.0.0/0",
                "core_network_arn": "",
                "destination_prefix_list_id": "",
                "egress_only_gateway_id": "",
                "gateway_id": "",
                "ipv6_cidr_block": "",
                "local_gateway_id": "",
                "nat_gateway_id": "nat-0ff2d8fc3f32340ff",
                "network_interface_id": "",
                "transit_gateway_id": "",
                "vpc_endpoint_id": "",
                "vpc_peering_connection_id": ""
              }
            ],
            "tags": null,
            "tags_all": {},
            "timeouts": null,
            "vpc_id": "vpc-091a4aaf709567119"
          },
          "sensitive_attributes": [],
          "identity_schema_version": 0,
          "private": "eyJlMmJmYjczMC1lY2FhLTExZTYtOGY4OC0zNDM2M2JjN2M0YzAiOnsiY3JlYXRlIjozMDAwMDAwMDAwMDAsImRlbGV0ZSI6MzAwMDAwMDAwMDAwLCJ1cGRhdGUiOjEyMDAwMDAwMDAwMH19",
          "dependencies": [
            "aws_eip.nat",
            "aws_internet_gateway.this",
            "aws_nat_gateway.this",
            "aws_subnet.public",
            "aws_vpc.this"
          ]
        }
      ]
    },
    {
      "mode": "managed",
      "type": "aws_route_table",
      "name": "public",
      "provider": "provider[\"registry.terraform.io/hashicorp/aws\"]",
      "instances": [
        {
          "schema_version": 0,
          "attributes": {
            "arn": "arn:aws:ec2:eu-north-1:106469578502:route-table/rtb-082a37049952aad46",
            "id": "rtb-082a37049952aad46",
            "owner_id": "106469578502",
            "propagating_vgws": [],
            "route": [
              {
                "carrier_gateway_id": "",
                "cidr_block": "0.0.0.0/0",
                "core_network_arn": "",
                "destination_prefix_list_id": "",
                "egress_only_gateway_id": "",
                "gateway_id": "igw-03aec54bfe0076988",
                "ipv6_cidr_block": "",
                "local_gateway_id": "",
                "nat_gateway_id": "",
                "network_interface_id": "",
                "transit_gateway_id": "",
                "vpc_endpoint_id": "",
                "vpc_peering_connection_id": ""
              }
            ],
            "tags": null,
            "tags_all": {},
            "timeouts": null,
            "vpc_id": "vpc-091a4aaf709567119"
          },
          "sensitive_attributes": [],
          "identity_schema_version": 0,
          "private": "eyJlMmJmYjczMC1lY2FhLTExZTYtOGY4OC0zNDM2M2JjN2M0YzAiOnsiY3JlYXRlIjozMDAwMDAwMDAwMDAsImRlbGV0ZSI6MzAwMDAwMDAwMDAwLCJ1cGRhdGUiOjEyMDAwMDAwMDAwMH19",
          "dependencies": [
            "aws_internet_gateway.this",
            "aws_vpc.this"
          ]
        }
      ]
    },
    {
      "mode": "managed",
      "type": "aws_route_table_association",
      "name": "private",
      "provider": "provider[\"registry.terraform.io/hashicorp/aws\"]",
      "instances": [
        {
          "schema_version": 0,
          "attributes": {
            "gateway_id": "",
            "id": "rtbassoc-0f35129f309968072",
            "route_table_id": "rtb-0ababbd5cd8857440",
            "subnet_id": "subnet-025c79e5f6828e220",
            "timeouts": null
          },
          "sensitive_attributes": [],
          "identity_schema_version": 0,
          "private": "eyJlMmJmYjczMC1lY2FhLTExZTYtOGY4OC0zNDM2M2JjN2M0YzAiOnsiY3JlYXRlIjozMDAwMDAwMDAwMDAsImRlbGV0ZSI6MzAwMDAwMDAwMDAwLCJ1cGRhdGUiOjEyMDAwMDAwMDAwMH19",
          "dependencies": [
            "aws_eip.nat",
            "aws_internet_gateway.this",
            "aws_nat_gateway.this",
            "aws_route_table.private",
            "aws_subnet.private",
            "aws_subnet.public",
            "aws_vpc.this"
          ]
        }
      ]
    },
    {
      "mode": "managed",
      "type": "aws_route_table_association",
      "name": "public",
      "provider": "provider[\"registry.terraform.io/hashicorp/aws\"]",
      "instances": [
        {
          "schema_version": 0,
          "attributes": {
            "gateway_id": "",
            "id": "rtbassoc-0129410f81e3c6bcf",
            "route_table_id": "rtb-082a37049952aad46",
            "subnet_id": "subnet-0b08c8e6ffbb89649",
            "timeouts": null
          },
          "sensitive_attributes": [],
          "identity_schema_version": 0,
          "private": "eyJlMmJmYjczMC1lY2FhLTExZTYtOGY4OC0zNDM2M2JjN2M0YzAiOnsiY3JlYXRlIjozMDAwMDAwMDAwMDAsImRlbGV0ZSI6MzAwMDAwMDAwMDAwLCJ1cGRhdGUiOjEyMDAwMDAwMDAwMH19",
          "dependencies": [
            "aws_internet_gateway.this",
            "aws_route_table.public",
            "aws_subnet.public",
            "aws_vpc.this"
          ]
        }
      ]
    },
    {
      "mode": "managed",
      "type": "aws_route_table_association",
      "name": "public_2",
      "provider": "provider[\"registry.terraform.io/hashicorp/aws\"]",
      "instances": [
        {
          "schema_version": 0,
          "attributes": {
            "gateway_id": "",
            "id": "rtbassoc-05999c01fa6f325dd",
            "route_table_id": "rtb-082a37049952aad46",
            "subnet_id": "subnet-03f21f9a2e698e129",
            "timeouts": null
          },
          "sensitive_attributes": [],
          "identity_schema_version": 0,
          "private": "eyJlMmJmYjczMC1lY2FhLTExZTYtOGY4OC0zNDM2M2JjN2M0YzAiOnsiY3JlYXRlIjozMDAwMDAwMDAwMDAsImRlbGV0ZSI6MzAwMDAwMDAwMDAwLCJ1cGRhdGUiOjEyMDAwMDAwMDAwMH19",
          "dependencies": [
            "aws_internet_gateway.this",
            "aws_route_table.public",
            "aws_subnet.public_2",
            "aws_vpc.this"
          ]
        }
      ]
    },
    {
      "mode": "managed",
      "type": "aws_security_group",
      "name": "db",
      "provider": "provider[\"registry.terraform.io/hashicorp/aws\"]",
      "instances": [
        {
          "schema_version": 1,
          "attributes": {
            "arn": "arn:aws:ec2:eu-north-1:106469578502:security-group/sg-045051ab9e47672d2",
            "description": "Postgres access only from services",
            "egress": [
              {
                "cidr_blocks": [
                  "0.0.0.0/0"
                ],
                "description": "",
                "from_port": 0,
                "ipv6_cidr_blocks": [],
                "prefix_list_ids": [],
                "protocol": "-1",
                "security_groups": [],
                "self": false,
                "to_port": 0
              }
            ],
            "id": "sg-045051ab9e47672d2",
            "ingress": [
              {
                "cidr_blocks": [
                  "0.0.0.0/0"
                ],
                "description": "Postgres from services",
                "from_port": 5432,
                "ipv6_cidr_blocks": [],
                "prefix_list_ids": [],
                "protocol": "tcp",
                "security_groups": [],
                "self": false,
                "to_port": 5432
              },
              {
                "cidr_blocks": [
                  "62.176.70.128/32"
                ],
                "description": "Postgres from my local machine",
                "from_port": 5432,
                "ipv6_cidr_blocks": [],
                "prefix_list_ids": [],
                "protocol": "tcp",
                "security_groups": [],
                "self": false,
                "to_port": 5432
              }
            ],
            "name": "db-sg",
            "name_prefix": "",
            "owner_id": "106469578502",
            "revoke_rules_on_delete": false,
            "tags": {
              "Name": "db-sg"
            },
            "tags_all": {
              "Name": "db-sg"
            },
            "timeouts": null,
            "vpc_id": "vpc-091a4aaf709567119"
          },
          "sensitive_attributes": [],
          "identity_schema_version": 0,
          "private": "eyJlMmJmYjczMC1lY2FhLTExZTYtOGY4OC0zNDM2M2JjN2M0YzAiOnsiY3JlYXRlIjo2MDAwMDAwMDAwMDAsImRlbGV0ZSI6OTAwMDAwMDAwMDAwfSwic2NoZW1hX3ZlcnNpb24iOiIxIn0=",
          "dependencies": [
            "aws_vpc.this"
          ]
        }
      ]
    },
    {
      "mode": "managed",
      "type": "aws_security_group",
      "name": "frontend",
      "provider": "provider[\"registry.terraform.io/hashicorp/aws\"]",
      "instances": [
        {
          "schema_version": 1,
          "attributes": {
            "arn": "arn:aws:ec2:eu-north-1:106469578502:security-group/sg-09d45655cd046ef31",
            "description": "Allow HTTP from internet",
            "egress": [
              {
                "cidr_blocks": [
                  "0.0.0.0/0"
                ],
                "description": "",
                "from_port": 0,
                "ipv6_cidr_blocks": [],
                "prefix_list_ids": [],
                "protocol": "-1",
                "security_groups": [],
                "self": false,
                "to_port": 0
              }
            ],
            "id": "sg-09d45655cd046ef31",
            "ingress": [
              {
                "cidr_blocks": [
                  "0.0.0.0/0"
                ],
                "description": "Allow HTTP",
                "from_port": 80,
                "ipv6_cidr_blocks": [],
                "prefix_list_ids": [],
                "protocol": "tcp",
                "security_groups": [],
                "self": false,
                "to_port": 80
              },
              {
                "cidr_blocks": [
                  "46.10.149.59/32"
                ],
                "description": "Allow SSH",
                "from_port": 22,
                "ipv6_cidr_blocks": [],
                "prefix_list_ids": [],
                "protocol": "tcp",
                "security_groups": [],
                "self": false,
                "to_port": 22
              }
            ],
            "name": "frontend-sg",
            "name_prefix": "",
            "owner_id": "106469578502",
            "revoke_rules_on_delete": false,
            "tags": {
              "Name": "frontend-sg"
            },
            "tags_all": {
              "Name": "frontend-sg"
            },
            "timeouts": null,
            "vpc_id": "vpc-091a4aaf709567119"
          },
          "sensitive_attributes": [],
          "identity_schema_version": 0,
          "private": "eyJlMmJmYjczMC1lY2FhLTExZTYtOGY4OC0zNDM2M2JjN2M0YzAiOnsiY3JlYXRlIjo2MDAwMDAwMDAwMDAsImRlbGV0ZSI6OTAwMDAwMDAwMDAwfSwic2NoZW1hX3ZlcnNpb24iOiIxIn0=",
          "dependencies": [
            "aws_vpc.this"
          ]
        }
      ]
    },
    {
      "mode": "managed",
      "type": "aws_security_group",
      "name": "public_web",
      "provider": "provider[\"registry.terraform.io/hashicorp/aws\"]",
      "instances": [
        {
          "schema_version": 1,
          "attributes": {
            "arn": "arn:aws:ec2:eu-north-1:106469578502:security-group/sg-06cd327650ad1ee3c",
            "description": "Public access for frontend or ALB",
            "egress": [
              {
                "cidr_blocks": [
                  "0.0.0.0/0"
                ],
                "description": "",
                "from_port": 0,
                "ipv6_cidr_blocks": [],
                "prefix_list_ids": [],
                "protocol": "-1",
                "security_groups": [],
                "self": false,
                "to_port": 0
              }
            ],
            "id": "sg-06cd327650ad1ee3c",
            "ingress": [
              {
                "cidr_blocks": [
                  "0.0.0.0/0"
                ],
                "description": "HTTP",
                "from_port": 80,
                "ipv6_cidr_blocks": [],
                "prefix_list_ids": [],
                "protocol": "tcp",
                "security_groups": [],
                "self": false,
                "to_port": 80
              },
              {
                "cidr_blocks": [
                  "0.0.0.0/0"
                ],
                "description": "HTTPS",
                "from_port": 443,
                "ipv6_cidr_blocks": [],
                "prefix_list_ids": [],
                "protocol": "tcp",
                "security_groups": [],
                "self": false,
                "to_port": 443
              }
            ],
            "name": "public-web-sg",
            "name_prefix": "",
            "owner_id": "106469578502",
            "revoke_rules_on_delete": false,
            "tags": {
              "Name": "public-web-sg"
            },
            "tags_all": {
              "Name": "public-web-sg"
            },
            "timeouts": null,
            "vpc_id": "vpc-091a4aaf709567119"
          },
          "sensitive_attributes": [],
          "identity_schema_version": 0,
          "private": "eyJlMmJmYjczMC1lY2FhLTExZTYtOGY4OC0zNDM2M2JjN2M0YzAiOnsiY3JlYXRlIjo2MDAwMDAwMDAwMDAsImRlbGV0ZSI6OTAwMDAwMDAwMDAwfSwic2NoZW1hX3ZlcnNpb24iOiIxIn0=",
          "dependencies": [
            "aws_vpc.this"
          ]
        }
      ]
    },
    {
      "mode": "managed",
      "type": "aws_security_group",
      "name": "services",
      "provider": "provider[\"registry.terraform.io/hashicorp/aws\"]",
      "instances": [
        {
          "schema_version": 1,
          "attributes": {
            "arn": "arn:aws:ec2:eu-north-1:106469578502:security-group/sg-0699742d77c390d4d",
            "description": "Internal access for backend services",
            "egress": [
              {
                "cidr_blocks": [
                  "0.0.0.0/0"
                ],
                "description": "",
                "from_port": 0,
                "ipv6_cidr_blocks": [],
                "prefix_list_ids": [],
                "protocol": "-1",
                "security_groups": [],
                "self": false,
                "to_port": 0
              }
            ],
            "id": "sg-0699742d77c390d4d",
            "ingress": [
              {
                "cidr_blocks": [
                  "0.0.0.0/0"
                ],
                "description": "Auth service",
                "from_port": 3002,
                "ipv6_cidr_blocks": [],
                "prefix_list_ids": [],
                "protocol": "tcp",
                "security_groups": [],
                "self": false,
                "to_port": 3002
              },
              {
                "cidr_blocks": [
                  "0.0.0.0/0"
                ],
                "description": "Customers service",
                "from_port": 3000,
                "ipv6_cidr_blocks": [],
                "prefix_list_ids": [],
                "protocol": "tcp",
                "security_groups": [],
                "self": false,
                "to_port": 3000
              },
              {
                "cidr_blocks": [
                  "0.0.0.0/0"
                ],
                "description": "Subscriptions service",
                "from_port": 3001,
                "ipv6_cidr_blocks": [],
                "prefix_list_ids": [],
                "protocol": "tcp",
                "security_groups": [],
                "self": false,
                "to_port": 3001
              }
            ],
            "name": "services-sg",
            "name_prefix": "",
            "owner_id": "106469578502",
            "revoke_rules_on_delete": false,
            "tags": {
              "Name": "services-sg"
            },
            "tags_all": {
              "Name": "services-sg"
            },
            "timeouts": null,
            "vpc_id": "vpc-091a4aaf709567119"
          },
          "sensitive_attributes": [],
          "identity_schema_version": 0,
          "private": "eyJlMmJmYjczMC1lY2FhLTExZTYtOGY4OC0zNDM2M2JjN2M0YzAiOnsiY3JlYXRlIjo2MDAwMDAwMDAwMDAsImRlbGV0ZSI6OTAwMDAwMDAwMDAwfSwic2NoZW1hX3ZlcnNpb24iOiIxIn0=",
          "dependencies": [
            "aws_vpc.this"
          ]
        }
      ]
    },
    {
      "mode": "managed",
      "type": "aws_security_group",
      "name": "ssh",
      "provider": "provider[\"registry.terraform.io/hashicorp/aws\"]",
      "instances": [
        {
          "schema_version": 1,
          "attributes": {
            "arn": "arn:aws:ec2:eu-north-1:106469578502:security-group/sg-0eeb6a3d93aca3af6",
            "description": "SSH access from my IP only",
            "egress": [
              {
                "cidr_blocks": [
                  "0.0.0.0/0"
                ],
                "description": "",
                "from_port": 0,
                "ipv6_cidr_blocks": [],
                "prefix_list_ids": [],
                "protocol": "-1",
                "security_groups": [],
                "self": false,
                "to_port": 0
              }
            ],
            "id": "sg-0eeb6a3d93aca3af6",
            "ingress": [
              {
                "cidr_blocks": [
                  "0.0.0.0/0"
                ],
                "description": "SSH",
                "from_port": 22,
                "ipv6_cidr_blocks": [],
                "prefix_list_ids": [],
                "protocol": "tcp",
                "security_groups": [],
                "self": false,
                "to_port": 22
              }
            ],
            "name": "ssh-sg",
            "name_prefix": "",
            "owner_id": "106469578502",
            "revoke_rules_on_delete": false,
            "tags": {
              "Name": "ssh-sg"
            },
            "tags_all": {
              "Name": "ssh-sg"
            },
            "timeouts": null,
            "vpc_id": "vpc-091a4aaf709567119"
          },
          "sensitive_attributes": [],
          "identity_schema_version": 0,
          "private": "eyJlMmJmYjczMC1lY2FhLTExZTYtOGY4OC0zNDM2M2JjN2M0YzAiOnsiY3JlYXRlIjo2MDAwMDAwMDAwMDAsImRlbGV0ZSI6OTAwMDAwMDAwMDAwfSwic2NoZW1hX3ZlcnNpb24iOiIxIn0=",
          "dependencies": [
            "aws_vpc.this"
          ]
        }
      ]
    },
    {
      "mode": "managed",
      "type": "aws_subnet",
      "name": "private",
      "provider": "provider[\"registry.terraform.io/hashicorp/aws\"]",
      "instances": [
        {
          "schema_version": 1,
          "attributes": {
            "arn": "arn:aws:ec2:eu-north-1:106469578502:subnet/subnet-025c79e5f6828e220",
            "assign_ipv6_address_on_creation": false,
            "availability_zone": "eu-north-1a",
            "availability_zone_id": "eun1-az1",
            "cidr_block": "10.0.2.0/24",
            "customer_owned_ipv4_pool": "",
            "enable_dns64": false,
            "enable_lni_at_device_index": 0,
            "enable_resource_name_dns_a_record_on_launch": false,
            "enable_resource_name_dns_aaaa_record_on_launch": false,
            "id": "subnet-025c79e5f6828e220",
            "ipv6_cidr_block": "",
            "ipv6_cidr_block_association_id": "",
            "ipv6_native": false,
            "map_customer_owned_ip_on_launch": false,
            "map_public_ip_on_launch": false,
            "outpost_arn": "",
            "owner_id": "106469578502",
            "private_dns_hostname_type_on_launch": "ip-name",
            "tags": {
              "Name": "private-subnet"
            },
            "tags_all": {
              "Name": "private-subnet"
            },
            "timeouts": null,
            "vpc_id": "vpc-091a4aaf709567119"
          },
          "sensitive_attributes": [],
          "identity_schema_version": 0,
          "private": "eyJlMmJmYjczMC1lY2FhLTExZTYtOGY4OC0zNDM2M2JjN2M0YzAiOnsiY3JlYXRlIjo2MDAwMDAwMDAwMDAsImRlbGV0ZSI6MTIwMDAwMDAwMDAwMH0sInNjaGVtYV92ZXJzaW9uIjoiMSJ9",
          "dependencies": [
            "aws_vpc.this"
          ]
        }
      ]
    },
    {
      "mode": "managed",
      "type": "aws_subnet",
      "name": "private_1",
      "provider": "provider[\"registry.terraform.io/hashicorp/aws\"]",
      "instances": [
        {
          "schema_version": 1,
          "attributes": {
            "arn": "arn:aws:ec2:eu-north-1:106469578502:subnet/subnet-0caa7b7674e3008b2",
            "assign_ipv6_address_on_creation": false,
            "availability_zone": "eu-north-1a",
            "availability_zone_id": "eun1-az1",
            "cidr_block": "10.0.10.0/24",
            "customer_owned_ipv4_pool": "",
            "enable_dns64": false,
            "enable_lni_at_device_index": 0,
            "enable_resource_name_dns_a_record_on_launch": false,
            "enable_resource_name_dns_aaaa_record_on_launch": false,
            "id": "subnet-0caa7b7674e3008b2",
            "ipv6_cidr_block": "",
            "ipv6_cidr_block_association_id": "",
            "ipv6_native": false,
            "map_customer_owned_ip_on_launch": false,
            "map_public_ip_on_launch": false,
            "outpost_arn": "",
            "owner_id": "106469578502",
            "private_dns_hostname_type_on_launch": "ip-name",
            "tags": {
              "Name": "private-1"
            },
            "tags_all": {
              "Name": "private-1"
            },
            "timeouts": null,
            "vpc_id": "vpc-091a4aaf709567119"
          },
          "sensitive_attributes": [],
          "identity_schema_version": 0,
          "private": "eyJlMmJmYjczMC1lY2FhLTExZTYtOGY4OC0zNDM2M2JjN2M0YzAiOnsiY3JlYXRlIjo2MDAwMDAwMDAwMDAsImRlbGV0ZSI6MTIwMDAwMDAwMDAwMH0sInNjaGVtYV92ZXJzaW9uIjoiMSJ9",
          "dependencies": [
            "aws_vpc.this"
          ]
        }
      ]
    },
    {
      "mode": "managed",
      "type": "aws_subnet",
      "name": "private_2",
      "provider": "provider[\"registry.terraform.io/hashicorp/aws\"]",
      "instances": [
        {
          "schema_version": 1,
          "attributes": {
            "arn": "arn:aws:ec2:eu-north-1:106469578502:subnet/subnet-0b6d8c6cde19d427d",
            "assign_ipv6_address_on_creation": false,
            "availability_zone": "eu-north-1b",
            "availability_zone_id": "eun1-az2",
            "cidr_block": "10.0.11.0/24",
            "customer_owned_ipv4_pool": "",
            "enable_dns64": false,
            "enable_lni_at_device_index": 0,
            "enable_resource_name_dns_a_record_on_launch": false,
            "enable_resource_name_dns_aaaa_record_on_launch": false,
            "id": "subnet-0b6d8c6cde19d427d",
            "ipv6_cidr_block": "",
            "ipv6_cidr_block_association_id": "",
            "ipv6_native": false,
            "map_customer_owned_ip_on_launch": false,
            "map_public_ip_on_launch": false,
            "outpost_arn": "",
            "owner_id": "106469578502",
            "private_dns_hostname_type_on_launch": "ip-name",
            "tags": {
              "Name": "private-2"
            },
            "tags_all": {
              "Name": "private-2"
            },
            "timeouts": null,
            "vpc_id": "vpc-091a4aaf709567119"
          },
          "sensitive_attributes": [],
          "identity_schema_version": 0,
          "private": "eyJlMmJmYjczMC1lY2FhLTExZTYtOGY4OC0zNDM2M2JjN2M0YzAiOnsiY3JlYXRlIjo2MDAwMDAwMDAwMDAsImRlbGV0ZSI6MTIwMDAwMDAwMDAwMH0sInNjaGVtYV92ZXJzaW9uIjoiMSJ9",
          "dependencies": [
            "aws_vpc.this"
          ]
        }
      ]
    },
    {
      "mode": "managed",
      "type": "aws_subnet",
      "name": "public",
      "provider": "provider[\"registry.terraform.io/hashicorp/aws\"]",
      "instances": [
        {
          "schema_version": 1,
          "attributes": {
            "arn": "arn:aws:ec2:eu-north-1:106469578502:subnet/subnet-0b08c8e6ffbb89649",
            "assign_ipv6_address_on_creation": false,
            "availability_zone": "eu-north-1a",
            "availability_zone_id": "eun1-az1",
            "cidr_block": "10.0.1.0/24",
            "customer_owned_ipv4_pool": "",
            "enable_dns64": false,
            "enable_lni_at_device_index": 0,
            "enable_resource_name_dns_a_record_on_launch": false,
            "enable_resource_name_dns_aaaa_record_on_launch": false,
            "id": "subnet-0b08c8e6ffbb89649",
            "ipv6_cidr_block": "",
            "ipv6_cidr_block_association_id": "",
            "ipv6_native": false,
            "map_customer_owned_ip_on_launch": false,
            "map_public_ip_on_launch": true,
            "outpost_arn": "",
            "owner_id": "106469578502",
            "private_dns_hostname_type_on_launch": "ip-name",
            "tags": {
              "Name": "public-subnet"
            },
            "tags_all": {
              "Name": "public-subnet"
            },
            "timeouts": null,
            "vpc_id": "vpc-091a4aaf709567119"
          },
          "sensitive_attributes": [],
          "identity_schema_version": 0,
          "private": "eyJlMmJmYjczMC1lY2FhLTExZTYtOGY4OC0zNDM2M2JjN2M0YzAiOnsiY3JlYXRlIjo2MDAwMDAwMDAwMDAsImRlbGV0ZSI6MTIwMDAwMDAwMDAwMH0sInNjaGVtYV92ZXJzaW9uIjoiMSJ9",
          "dependencies": [
            "aws_vpc.this"
          ]
        }
      ]
    },
    {
      "mode": "managed",
      "type": "aws_subnet",
      "name": "public_2",
      "provider": "provider[\"registry.terraform.io/hashicorp/aws\"]",
      "instances": [
        {
          "schema_version": 1,
          "attributes": {
            "arn": "arn:aws:ec2:eu-north-1:106469578502:subnet/subnet-03f21f9a2e698e129",
            "assign_ipv6_address_on_creation": false,
            "availability_zone": "eu-north-1b",
            "availability_zone_id": "eun1-az2",
            "cidr_block": "10.0.3.0/24",
            "customer_owned_ipv4_pool": "",
            "enable_dns64": false,
            "enable_lni_at_device_index": 0,
            "enable_resource_name_dns_a_record_on_launch": false,
            "enable_resource_name_dns_aaaa_record_on_launch": false,
            "id": "subnet-03f21f9a2e698e129",
            "ipv6_cidr_block": "",
            "ipv6_cidr_block_association_id": "",
            "ipv6_native": false,
            "map_customer_owned_ip_on_launch": false,
            "map_public_ip_on_launch": true,
            "outpost_arn": "",
            "owner_id": "106469578502",
            "private_dns_hostname_type_on_launch": "ip-name",
            "tags": {
              "Name": "public-subnet2"
            },
            "tags_all": {
              "Name": "public-subnet2"
            },
            "timeouts": null,
            "vpc_id": "vpc-091a4aaf709567119"
          },
          "sensitive_attributes": [],
          "identity_schema_version": 0,
          "private": "eyJlMmJmYjczMC1lY2FhLTExZTYtOGY4OC0zNDM2M2JjN2M0YzAiOnsiY3JlYXRlIjo2MDAwMDAwMDAwMDAsImRlbGV0ZSI6MTIwMDAwMDAwMDAwMH0sInNjaGVtYV92ZXJzaW9uIjoiMSJ9",
          "dependencies": [
            "aws_vpc.this"
          ]
        }
      ]
    },
    {
      "mode": "managed",
      "type": "aws_vpc",
      "name": "this",
      "provider": "provider[\"registry.terraform.io/hashicorp/aws\"]",
      "instances": [
        {
          "schema_version": 1,
          "attributes": {
            "arn": "arn:aws:ec2:eu-north-1:106469578502:vpc/vpc-091a4aaf709567119",
            "assign_generated_ipv6_cidr_block": false,
            "cidr_block": "10.0.0.0/16",
            "default_network_acl_id": "acl-0a8c76af3554bfbe1",
            "default_route_table_id": "rtb-0cb5d31cd022b7459",
            "default_security_group_id": "sg-03fae3ad1f16f57e6",
            "dhcp_options_id": "dopt-050f978ffcb38dab0",
            "enable_dns_hostnames": true,
            "enable_dns_support": true,
            "enable_network_address_usage_metrics": false,
            "id": "vpc-091a4aaf709567119",
            "instance_tenancy": "default",
            "ipv4_ipam_pool_id": null,
            "ipv4_netmask_length": null,
            "ipv6_association_id": "",
            "ipv6_cidr_block": "",
            "ipv6_cidr_block_network_border_group": "",
            "ipv6_ipam_pool_id": "",
            "ipv6_netmask_length": 0,
            "main_route_table_id": "rtb-0cb5d31cd022b7459",
            "owner_id": "106469578502",
            "tags": {
              "Name": "backend-microservices-platform-dev-vpc"
            },
            "tags_all": {
              "Name": "backend-microservices-platform-dev-vpc"
            }
          },
          "sensitive_attributes": [],
          "identity_schema_version": 0,
          "private": "eyJzY2hlbWFfdmVyc2lvbiI6IjEifQ=="
        }
      ]
    }
  ],
  "check_results": null
}
